
Microsoft Visual Studio Solution File, Format Version 12.00
# Visual Studio Version 17
VisualStudioVersion = 17.6.33815.320
MinimumVisualStudioVersion = 10.0.40219.1
Project("{FAE04EC0-301F-11D3-BF4B-00C04F79EFBC}") = "JosephKhaipi.Web", "JosephKhaipi.Web\JosephKhaipi.Web.csproj", "{D4031E41-AEB1-41B7-999F-2883BFE747FE}"
EndProject
Global
	GlobalSection(SolutionConfigurationPlatforms) = preSolution
		Debug|Any CPU = Debug|Any CPU
		Release|Any CPU = Release|Any CPU
	EndGlobalSection
	GlobalSection(ProjectConfigurationPlatforms) = postSolution
		{D4031E41-AEB1-41B7-999F-2883BFE747FE}.Debug|Any CPU.ActiveCfg = Debug|Any CPU
		{D4031E41-AEB1-41B7-999F-2883BFE747FE}.Debug|Any CPU.Build.0 = Debug|Any CPU
		{D4031E41-AEB1-41B7-999F-2883BFE747FE}.Release|Any CPU.ActiveCfg = Release|Any CPU
		{D4031E41-AEB1-41B7-999F-2883BFE747FE}.Release|Any CPU.Build.0 = Release|Any CPU
	EndGlobalSection
	GlobalSection(SolutionProperties) = preSolution
		HideSolutionNode = FALSE
	EndGlobalSection
	GlobalSection(ExtensibilityGlobals) = postSolution
		SolutionGuid = {F001D33D-FA78-45B8-9AA2-E7E8A51FF387}
	EndGlobalSection
EndGlobal
